
Microsoft Visual Studio Solution File, Format Version 12.00
# Visual Studio 15
VisualStudioVersion = 15.0.28307.1231
MinimumVisualStudioVersion = 10.0.40219.1
Project("{FAE04EC0-301F-11D3-BF4B-00C04F79EFBC}") = "Bank_Admin_Utility", "Bank_Admin_Utility\Bank_Admin_Utility.csproj", "{D31D6CE1-7106-4DD5-BC4A-BF021EE32CDE}"
EndProject
Project("{FAE04EC0-301F-11D3-BF4B-00C04F79EFBC}") = "Bank_App", "Bank_App\Bank_App.csproj", "{9DE5D71E-5AF6-430E-90A4-A75B43BA419C}"
EndProject
Global
	GlobalSection(SolutionConfigurationPlatforms) = preSolution
		Debug|Any CPU = Debug|Any CPU
		Release|Any CPU = Release|Any CPU
	EndGlobalSection
	GlobalSection(ProjectConfigurationPlatforms) = postSolution
		{D31D6CE1-7106-4DD5-BC4A-BF021EE32CDE}.Debug|Any CPU.ActiveCfg = Debug|Any CPU
		{D31D6CE1-7106-4DD5-BC4A-BF021EE32CDE}.Debug|Any CPU.Build.0 = Debug|Any CPU
		{D31D6CE1-7106-4DD5-BC4A-BF021EE32CDE}.Release|Any CPU.ActiveCfg = Release|Any CPU
		{D31D6CE1-7106-4DD5-BC4A-BF021EE32CDE}.Release|Any CPU.Build.0 = Release|Any CPU
		{9DE5D71E-5AF6-430E-90A4-A75B43BA419C}.Debug|Any CPU.ActiveCfg = Debug|Any CPU
		{9DE5D71E-5AF6-430E-90A4-A75B43BA419C}.Debug|Any CPU.Build.0 = Debug|Any CPU
		{9DE5D71E-5AF6-430E-90A4-A75B43BA419C}.Release|Any CPU.ActiveCfg = Release|Any CPU
		{9DE5D71E-5AF6-430E-90A4-A75B43BA419C}.Release|Any CPU.Build.0 = Release|Any CPU
	EndGlobalSection
	GlobalSection(SolutionProperties) = preSolution
		HideSolutionNode = FALSE
	EndGlobalSection
	GlobalSection(ExtensibilityGlobals) = postSolution
		SolutionGuid = {77FE9E76-2503-43B2-ACC2-B7FE34F59935}
	EndGlobalSection
EndGlobal
